
Microsoft Visual Studio Solution File, Format Version 12.00
# Visual Studio 15
VisualStudioVersion = 15.0.27703.1
MinimumVisualStudioVersion = 10.0.40219.1
Project("{FAE04EC0-301F-11D3-BF4B-00C04F79EFBC}") = "OOADAspNetMVCEFAzure", "OOADAspNetMVCEFAzure\OOADAspNetMVCEFAzure.csproj", "{7E3940C7-0B36-4D62-B315-644D469DC6C9}"
EndProject
Global
	GlobalSection(SolutionConfigurationPlatforms) = preSolution
		Debug|Any CPU = Debug|Any CPU
		Release|Any CPU = Release|Any CPU
	EndGlobalSection
	GlobalSection(ProjectConfigurationPlatforms) = postSolution
		{7E3940C7-0B36-4D62-B315-644D469DC6C9}.Debug|Any CPU.ActiveCfg = Debug|Any CPU
		{7E3940C7-0B36-4D62-B315-644D469DC6C9}.Debug|Any CPU.Build.0 = Debug|Any CPU
		{7E3940C7-0B36-4D62-B315-644D469DC6C9}.Release|Any CPU.ActiveCfg = Release|Any CPU
		{7E3940C7-0B36-4D62-B315-644D469DC6C9}.Release|Any CPU.Build.0 = Release|Any CPU
	EndGlobalSection
	GlobalSection(SolutionProperties) = preSolution
		HideSolutionNode = FALSE
	EndGlobalSection
	GlobalSection(ExtensibilityGlobals) = postSolution
		SolutionGuid = {C55E3171-6B1E-4A47-B360-18B6157DFA5D}
	EndGlobalSection
EndGlobal
